
Microsoft Visual Studio Solution File, Format Version 12.00
# Visual Studio Version 16
VisualStudioVersion = 16.0.35229.62
MinimumVisualStudioVersion = 10.0.40219.1
Project("{9A19103F-16F7-4668-BE54-9A1E7A4F7556}") = "SITICCommerce", "SITICCommerce.csproj", "{32C95A62-8A92-4E8E-89BF-FC3E1B03FEF0}"
EndProject
Project("{2150E333-8FDC-42A3-9474-1A3956D46DE8}") = "API", "API", "{95C5CC22-E231-4749-97AA-11902B87C560}"
EndProject
Project("{2150E333-8FDC-42A3-9474-1A3956D46DE8}") = "BLL", "BLL", "{A80CA083-ACA8-45AB-8D6D-06707C4C378C}"
EndProject
Project("{2150E333-8FDC-42A3-9474-1A3956D46DE8}") = "Comun", "Comun", "{7F268027-8BCD-42F5-AD74-809EA2F94B5E}"
EndProject
Project("{9A19103F-16F7-4668-BE54-9A1E7A4F7556}") = "VO", "..\Comun\VO\VO.csproj", "{022953C2-05E7-4FE9-9405-0680179454E7}"
EndProject
Project("{9A19103F-16F7-4668-BE54-9A1E7A4F7556}") = "ProductBLL", "..\BLL\ProductBLL\ProductBLL.csproj", "{43B953DE-ED99-49D5-8CD0-038809627FEC}"
EndProject
Project("{9A19103F-16F7-4668-BE54-9A1E7A4F7556}") = "CartAPI", "..\API\CartAPI\CartAPI.csproj", "{81A632F4-1F6F-475F-B7DD-E86B7BC96AD1}"
EndProject
Project("{9A19103F-16F7-4668-BE54-9A1E7A4F7556}") = "OrderAPI", "..\API\OrderAPI\OrderAPI.csproj", "{13F66E06-AB60-47DE-A281-153A9380EA8B}"
EndProject
Project("{9A19103F-16F7-4668-BE54-9A1E7A4F7556}") = "OrderBLL", "..\BLL\OrderBLL\OrderBLL.csproj", "{8BC3ED1C-0804-4D96-8D24-977D83C4280B}"
EndProject
Project("{9A19103F-16F7-4668-BE54-9A1E7A4F7556}") = "CartBLL", "..\BLL\CartBLL\CartBLL.csproj", "{3FF7F598-3AEB-4AD2-9AF0-174489331B33}"
EndProject
Project("{9A19103F-16F7-4668-BE54-9A1E7A4F7556}") = "ProductAPI", "..\API\ProductAPI\ProductAPI.csproj", "{8588BE24-EEBE-4369-8BC8-3DEB7ECCD590}"
EndProject
Global
	GlobalSection(SolutionConfigurationPlatforms) = preSolution
		Debug|Any CPU = Debug|Any CPU
		Release|Any CPU = Release|Any CPU
	EndGlobalSection
	GlobalSection(ProjectConfigurationPlatforms) = postSolution
		{32C95A62-8A92-4E8E-89BF-FC3E1B03FEF0}.Debug|Any CPU.ActiveCfg = Debug|Any CPU
		{32C95A62-8A92-4E8E-89BF-FC3E1B03FEF0}.Debug|Any CPU.Build.0 = Debug|Any CPU
		{32C95A62-8A92-4E8E-89BF-FC3E1B03FEF0}.Release|Any CPU.ActiveCfg = Release|Any CPU
		{32C95A62-8A92-4E8E-89BF-FC3E1B03FEF0}.Release|Any CPU.Build.0 = Release|Any CPU
		{022953C2-05E7-4FE9-9405-0680179454E7}.Debug|Any CPU.ActiveCfg = Debug|Any CPU
		{022953C2-05E7-4FE9-9405-0680179454E7}.Debug|Any CPU.Build.0 = Debug|Any CPU
		{022953C2-05E7-4FE9-9405-0680179454E7}.Release|Any CPU.ActiveCfg = Release|Any CPU
		{022953C2-05E7-4FE9-9405-0680179454E7}.Release|Any CPU.Build.0 = Release|Any CPU
		{43B953DE-ED99-49D5-8CD0-038809627FEC}.Debug|Any CPU.ActiveCfg = Debug|Any CPU
		{43B953DE-ED99-49D5-8CD0-038809627FEC}.Debug|Any CPU.Build.0 = Debug|Any CPU
		{43B953DE-ED99-49D5-8CD0-038809627FEC}.Release|Any CPU.ActiveCfg = Release|Any CPU
		{43B953DE-ED99-49D5-8CD0-038809627FEC}.Release|Any CPU.Build.0 = Release|Any CPU
		{81A632F4-1F6F-475F-B7DD-E86B7BC96AD1}.Debug|Any CPU.ActiveCfg = Debug|Any CPU
		{81A632F4-1F6F-475F-B7DD-E86B7BC96AD1}.Debug|Any CPU.Build.0 = Debug|Any CPU
		{81A632F4-1F6F-475F-B7DD-E86B7BC96AD1}.Release|Any CPU.ActiveCfg = Release|Any CPU
		{81A632F4-1F6F-475F-B7DD-E86B7BC96AD1}.Release|Any CPU.Build.0 = Release|Any CPU
		{13F66E06-AB60-47DE-A281-153A9380EA8B}.Debug|Any CPU.ActiveCfg = Debug|Any CPU
		{13F66E06-AB60-47DE-A281-153A9380EA8B}.Debug|Any CPU.Build.0 = Debug|Any CPU
		{13F66E06-AB60-47DE-A281-153A9380EA8B}.Release|Any CPU.ActiveCfg = Release|Any CPU
		{13F66E06-AB60-47DE-A281-153A9380EA8B}.Release|Any CPU.Build.0 = Release|Any CPU
		{8BC3ED1C-0804-4D96-8D24-977D83C4280B}.Debug|Any CPU.ActiveCfg = Debug|Any CPU
		{8BC3ED1C-0804-4D96-8D24-977D83C4280B}.Debug|Any CPU.Build.0 = Debug|Any CPU
		{8BC3ED1C-0804-4D96-8D24-977D83C4280B}.Release|Any CPU.ActiveCfg = Release|Any CPU
		{8BC3ED1C-0804-4D96-8D24-977D83C4280B}.Release|Any CPU.Build.0 = Release|Any CPU
		{3FF7F598-3AEB-4AD2-9AF0-174489331B33}.Debug|Any CPU.ActiveCfg = Debug|Any CPU
		{3FF7F598-3AEB-4AD2-9AF0-174489331B33}.Debug|Any CPU.Build.0 = Debug|Any CPU
		{3FF7F598-3AEB-4AD2-9AF0-174489331B33}.Release|Any CPU.ActiveCfg = Release|Any CPU
		{3FF7F598-3AEB-4AD2-9AF0-174489331B33}.Release|Any CPU.Build.0 = Release|Any CPU
		{8588BE24-EEBE-4369-8BC8-3DEB7ECCD590}.Debug|Any CPU.ActiveCfg = Debug|Any CPU
		{8588BE24-EEBE-4369-8BC8-3DEB7ECCD590}.Debug|Any CPU.Build.0 = Debug|Any CPU
		{8588BE24-EEBE-4369-8BC8-3DEB7ECCD590}.Release|Any CPU.ActiveCfg = Release|Any CPU
		{8588BE24-EEBE-4369-8BC8-3DEB7ECCD590}.Release|Any CPU.Build.0 = Release|Any CPU
	EndGlobalSection
	GlobalSection(SolutionProperties) = preSolution
		HideSolutionNode = FALSE
	EndGlobalSection
	GlobalSection(NestedProjects) = preSolution
		{022953C2-05E7-4FE9-9405-0680179454E7} = {7F268027-8BCD-42F5-AD74-809EA2F94B5E}
		{43B953DE-ED99-49D5-8CD0-038809627FEC} = {A80CA083-ACA8-45AB-8D6D-06707C4C378C}
		{81A632F4-1F6F-475F-B7DD-E86B7BC96AD1} = {95C5CC22-E231-4749-97AA-11902B87C560}
		{13F66E06-AB60-47DE-A281-153A9380EA8B} = {95C5CC22-E231-4749-97AA-11902B87C560}
		{8BC3ED1C-0804-4D96-8D24-977D83C4280B} = {A80CA083-ACA8-45AB-8D6D-06707C4C378C}
		{3FF7F598-3AEB-4AD2-9AF0-174489331B33} = {A80CA083-ACA8-45AB-8D6D-06707C4C378C}
		{8588BE24-EEBE-4369-8BC8-3DEB7ECCD590} = {95C5CC22-E231-4749-97AA-11902B87C560}
	EndGlobalSection
	GlobalSection(ExtensibilityGlobals) = postSolution
		SolutionGuid = {D957E025-6D8B-4D46-9B52-B2E779564E33}
	EndGlobalSection
EndGlobal
